
Microsoft Visual Studio Solution File, Format Version 12.00
# Visual Studio Version 17
VisualStudioVersion = 17.7.34221.43
MinimumVisualStudioVersion = 10.0.40219.1
Project("{FAE04EC0-301F-11D3-BF4B-00C04F79EFBC}") = "ChatApp", "ChatApp\ChatApp.csproj", "{AD0653E1-8A86-41F9-A909-59925CC23B79}"
EndProject
Global
	GlobalSection(SolutionConfigurationPlatforms) = preSolution
		Debug|Any CPU = Debug|Any CPU
		Release|Any CPU = Release|Any CPU
	EndGlobalSection
	GlobalSection(ProjectConfigurationPlatforms) = postSolution
		{AD0653E1-8A86-41F9-A909-59925CC23B79}.Debug|Any CPU.ActiveCfg = Debug|Any CPU
		{AD0653E1-8A86-41F9-A909-59925CC23B79}.Debug|Any CPU.Build.0 = Debug|Any CPU
		{AD0653E1-8A86-41F9-A909-59925CC23B79}.Release|Any CPU.ActiveCfg = Release|Any CPU
		{AD0653E1-8A86-41F9-A909-59925CC23B79}.Release|Any CPU.Build.0 = Release|Any CPU
	EndGlobalSection
	GlobalSection(SolutionProperties) = preSolution
		HideSolutionNode = FALSE
	EndGlobalSection
	GlobalSection(ExtensibilityGlobals) = postSolution
		SolutionGuid = {CB84DF58-A063-4CE2-A44B-96D12513A684}
	EndGlobalSection
EndGlobal
